<?xml version="1.0" encoding="utf-8"?>
<Project ToolsVersion="4.0" xmlns="http://schemas.microsoft.com/developer/msbuild/2003">
  <ItemGroup>
    <ClCompile Include="RSDK-Online.cpp">
      <Filter>Source Files</Filter>
    </ClCompile>
    <ClCompile Include="Objects\Camera.cpp">
      <Filter>Source Files\Objects</Filter>
    </ClCompile>
    <ClCompile Include="Networking\Networking.cpp">
      <Filter>Source Files\Networking</Filter>
    </ClCompile>
    <ClCompile Include="Networking\UserData.cpp">
      <Filter>Source Files\Networking</Filter>
    </ClCompile>
    <ClCompile Include="Networking\Misc.cpp">
      <Filter>Source Files\Networking</Filter>
    </ClCompile>
    <ClCompile Include="Objects\MultiplayerHandler.cpp">
      <Filter>Source Files\Objects</Filter>
    </ClCompile>
    <ClCompile Include="Objects\MainMenu.cpp">
      <Filter>Source Files\Objects</Filter>
    </ClCompile>
    <ClCompile Include="Objects\Menu\UIButton.cpp">
      <Filter>Source Files\Objects\Menu</Filter>
    </ClCompile>
    <ClCompile Include="Objects\Menu\UIControl.cpp">
      <Filter>Source Files\Objects\Menu</Filter>
    </ClCompile>
    <ClCompile Include="Objects\Menu\UIDialog.cpp">
      <Filter>Source Files\Objects\Menu</Filter>
    </ClCompile>
    <ClCompile Include="Objects\Menu\UIDiorama.cpp">
      <Filter>Source Files\Objects\Menu</Filter>
    </ClCompile>
    <ClCompile Include="Objects\Menu\UIButtonPrompt.cpp">
      <Filter>Source Files\Objects\Menu</Filter>
    </ClCompile>
    <ClCompile Include="Objects\Menu\UIHeading.cpp">
      <Filter>Source Files\Objects\Menu</Filter>
    </ClCompile>
    <ClCompile Include="Objects\Menu\UIShifter.cpp">
      <Filter>Source Files\Objects\Menu</Filter>
    </ClCompile>
    <ClCompile Include="Objects\Menu\UICarousel.cpp">
      <Filter>Source Files\Objects\Menu</Filter>
    </ClCompile>
    <ClCompile Include="Objects\Menu\MenuSetup.cpp">
      <Filter>Source Files\Objects\Menu</Filter>
    </ClCompile>
    <ClCompile Include="Objects\Cutscene\FXFade.cpp">
      <Filter>Source Files\Objects\Cutscene</Filter>
    </ClCompile>
    <ClCompile Include="Objects\Global\Music.cpp">
      <Filter>Source Files\Objects\Global</Filter>
    </ClCompile>
    <ClCompile Include="Objects\Menu\ManiaModeMenu.cpp">
      <Filter>Source Files\Objects\Menu</Filter>
    </ClCompile>
    <ClCompile Include="Objects\Menu\MultiplayerMenu.cpp">
      <Filter>Source Files\Objects\Menu</Filter>
    </ClCompile>
    <ClCompile Include="Objects\NMMenu\NM_MenuSetup.cpp">
      <Filter>Source Files\Objects\NMMenu</Filter>
    </ClCompile>
    <ClCompile Include="Objects\Menu\UIBackground.cpp">
      <Filter>Source Files\Objects\Menu</Filter>
    </ClCompile>
    <ClCompile Include="Objects\Menu\UITransition.cpp">
      <Filter>Source Files\Objects\Menu</Filter>
    </ClCompile>
    <ClCompile Include="Objects\Menu\UICharButton.cpp">
      <Filter>Source Files\Objects\Menu</Filter>
    </ClCompile>
    <ClCompile Include="Objects\Menu\MenuParam.cpp">
      <Filter>Source Files\Objects\Menu</Filter>
    </ClCompile>
    <ClCompile Include="Objects\Menu\UIMultiplayerPanel.cpp">
      <Filter>Source Files\Objects\Menu</Filter>
    </ClCompile>
    <ClCompile Include="Objects\Menu\UIWidgets.cpp">
      <Filter>Source Files\Objects\Menu</Filter>
    </ClCompile>
    <ClCompile Include="Objects\Menu\UIText.cpp">
      <Filter>Source Files\Objects\Menu</Filter>
    </ClCompile>
    <ClCompile Include="Objects\Global\Player.cpp">
      <Filter>Source Files\Objects\Global</Filter>
    </ClCompile>
    <ClCompile Include="Objects\Global\PlayerManage.cpp">
      <Filter>Source Files\Objects\Global</Filter>
    </ClCompile>
  </ItemGroup>
  <ItemGroup>
    <ClInclude Include="..\..\..\GameAPI\CPP\GameAPI\Game.hpp">
      <Filter>GameAPI</Filter>
    </ClInclude>
    <ClInclude Include="..\..\..\GameAPI\CPP\GameAPI\GameObjects.hpp">
      <Filter>GameAPI</Filter>
    </ClInclude>
    <ClInclude Include="..\..\..\GameAPI\CPP\GameAPI\GameVariables.hpp">
      <Filter>GameAPI</Filter>
    </ClInclude>
    <ClInclude Include="RSDK-Online.hpp">
      <Filter>Source Files</Filter>
    </ClInclude>
    <ClInclude Include="Objects\Camera.hpp">
      <Filter>Source Files\Objects</Filter>
    </ClInclude>
    <ClInclude Include="Networking\Networking.hpp">
      <Filter>Source Files\Networking</Filter>
    </ClInclude>
    <ClInclude Include="Networking\UserData.hpp">
      <Filter>Source Files\Networking</Filter>
    </ClInclude>
    <ClInclude Include="Networking\Misc.hpp">
      <Filter>Source Files\Networking</Filter>
    </ClInclude>
    <ClInclude Include="Objects\MultiplayerHandler.hpp">
      <Filter>Source Files\Objects</Filter>
    </ClInclude>
    <ClInclude Include="Objects\MainMenu.hpp">
      <Filter>Source Files\Objects</Filter>
    </ClInclude>
    <ClInclude Include="Objects\Menu\UIButton.hpp">
      <Filter>Source Files\Objects\Menu</Filter>
    </ClInclude>
    <ClInclude Include="Objects\Menu\UIControl.hpp">
      <Filter>Source Files\Objects\Menu</Filter>
    </ClInclude>
    <ClInclude Include="Objects\Menu\UIDialog.hpp">
      <Filter>Source Files\Objects\Menu</Filter>
    </ClInclude>
    <ClInclude Include="Objects\Menu\UIDiorama.hpp">
      <Filter>Source Files\Objects\Menu</Filter>
    </ClInclude>
    <ClInclude Include="Objects\Menu\UIButtonPrompt.hpp">
      <Filter>Source Files\Objects\Menu</Filter>
    </ClInclude>
    <ClInclude Include="Objects\Menu\UIHeading.hpp">
      <Filter>Source Files\Objects\Menu</Filter>
    </ClInclude>
    <ClInclude Include="Objects\Menu\UIShifter.hpp">
      <Filter>Source Files\Objects\Menu</Filter>
    </ClInclude>
    <ClInclude Include="Objects\Menu\UICarousel.hpp">
      <Filter>Source Files\Objects\Menu</Filter>
    </ClInclude>
    <ClInclude Include="Objects\Menu\MenuSetup.hpp">
      <Filter>Source Files\Objects\Menu</Filter>
    </ClInclude>
    <ClInclude Include="Objects\Cutscene\FXFade.hpp">
      <Filter>Source Files\Objects\Cutscene</Filter>
    </ClInclude>
    <ClInclude Include="Objects\Global\Music.hpp">
      <Filter>Source Files\Objects\Global</Filter>
    </ClInclude>
    <ClInclude Include="Objects\Menu\ManiaModeMenu.hpp">
      <Filter>Source Files\Objects\Menu</Filter>
    </ClInclude>
    <ClInclude Include="Objects\Menu\MultiplayerMenu.hpp">
      <Filter>Source Files\Objects\Menu</Filter>
    </ClInclude>
    <ClInclude Include="Objects\NMMenu\NM_MenuSetup.hpp">
      <Filter>Source Files\Objects\NMMenu</Filter>
    </ClInclude>
    <ClInclude Include="Objects\Menu\UIBackground.hpp">
      <Filter>Source Files\Objects\Menu</Filter>
    </ClInclude>
    <ClInclude Include="Objects\Menu\UITransition.hpp">
      <Filter>Source Files\Objects\Menu</Filter>
    </ClInclude>
    <ClInclude Include="Objects\Menu\UICharButton.hpp">
      <Filter>Source Files\Objects\Menu</Filter>
    </ClInclude>
    <ClInclude Include="Objects\Menu\MenuParam.hpp">
      <Filter>Source Files\Objects\Menu</Filter>
    </ClInclude>
    <ClInclude Include="Objects\Menu\UIMultiplayerPanel.hpp">
      <Filter>Source Files\Objects\Menu</Filter>
    </ClInclude>
    <ClInclude Include="Objects\Menu\UIWidgets.hpp">
      <Filter>Source Files\Objects\Menu</Filter>
    </ClInclude>
    <ClInclude Include="Objects\Menu\UIText.hpp">
      <Filter>Source Files\Objects\Menu</Filter>
    </ClInclude>
    <ClInclude Include="Objects\Global\Player.hpp">
      <Filter>Source Files\Objects\Global</Filter>
    </ClInclude>
    <ClInclude Include="Objects\Global\PlayerManage.hpp">
      <Filter>Source Files\Objects\Global</Filter>
    </ClInclude>
  </ItemGroup>
  <ItemGroup>
    <Filter Include="GameAPI">
      <UniqueIdentifier>{7c711619-7399-406a-8c34-67909ae6ded8}</UniqueIdentifier>
    </Filter>
    <Filter Include="Source Files">
      <UniqueIdentifier>{4ecc9255-25f1-46a0-a757-1adf1d1726a6}</UniqueIdentifier>
    </Filter>
    <Filter Include="Source Files\Objects">
      <UniqueIdentifier>{6a7c3705-9869-4316-9976-407c5258d3ab}</UniqueIdentifier>
    </Filter>
    <Filter Include="Source Files\Networking">
      <UniqueIdentifier>{bd576012-84e4-468f-84e9-fd79ddba7ba3}</UniqueIdentifier>
    </Filter>
    <Filter Include="Source Files\Objects\Menu">
      <UniqueIdentifier>{2225f2e6-3dd2-483d-af67-c793607f0a9c}</UniqueIdentifier>
    </Filter>
    <Filter Include="Source Files\Objects\Cutscene">
      <UniqueIdentifier>{e51aa4db-795c-4f86-867e-65d2ed405b08}</UniqueIdentifier>
    </Filter>
    <Filter Include="Source Files\Objects\Global">
      <UniqueIdentifier>{903806d9-52e8-4895-a96e-9164235ba043}</UniqueIdentifier>
    </Filter>
    <Filter Include="Source Files\Objects\NMMenu">
      <UniqueIdentifier>{4af48281-6d36-4737-977b-3016ef268243}</UniqueIdentifier>
    </Filter>
  </ItemGroup>
</Project>